
Microsoft Visual Studio Solution File, Format Version 12.00
# Visual Studio Version 16
VisualStudioVersion = 16.0.30611.23
MinimumVisualStudioVersion = 10.0.40219.1
Project("{9A19103F-16F7-4668-BE54-9A1E7A4F7556}") = "online_knjizara", "online_knjizara\online_knjizara.csproj", "{297AC013-C627-45D2-8EAF-72AD254F5537}"
EndProject
Global
	GlobalSection(SolutionConfigurationPlatforms) = preSolution
		Debug|Any CPU = Debug|Any CPU
		Release|Any CPU = Release|Any CPU
	EndGlobalSection
	GlobalSection(ProjectConfigurationPlatforms) = postSolution
		{297AC013-C627-45D2-8EAF-72AD254F5537}.Debug|Any CPU.ActiveCfg = Debug|Any CPU
		{297AC013-C627-45D2-8EAF-72AD254F5537}.Debug|Any CPU.Build.0 = Debug|Any CPU
		{297AC013-C627-45D2-8EAF-72AD254F5537}.Release|Any CPU.ActiveCfg = Release|Any CPU
		{297AC013-C627-45D2-8EAF-72AD254F5537}.Release|Any CPU.Build.0 = Release|Any CPU
	EndGlobalSection
	GlobalSection(SolutionProperties) = preSolution
		HideSolutionNode = FALSE
	EndGlobalSection
	GlobalSection(ExtensibilityGlobals) = postSolution
		SolutionGuid = {A1DB7CEB-F8BC-4768-9AAD-7427CA9FDDBC}
	EndGlobalSection
EndGlobal
